{
  "name": "pazila-market-clone",
  "version": "1.0.0",
  "lockfileVersion": 3,
  "requires": true,
  "packages": {
    "": {
      "name": "pazila-market-clone",
      "version": "1.0.0",
      "private": true,
      "dependencies": {
        "lucide-react": "^0.460.0",
        "next": "14.2.5",
        "next-themes": "^0.3.0",
        "react": "^18.3.1",
        "react-dom": "^18.3.1"
      },
      "devDependencies": {
        "@types/node": "^22.7.4",
        "@types/react": "^18.3.11",
        "@types/react-dom": "^18.3.0",
        "autoprefixer": "^10.4.20",
        "eslint": "^8.57.1",
        "eslint-config-next": "14.2.5",
        "postcss": "^8.4.47",
        "tailwindcss": "^3.4.14",
        "typescript": "^5.6.3"
      }
    }
  },
  "dependencies": {
    "lucide-react": {
      "version": "^0.460.0",
      "requires": {}
    },
    "next": {
      "version": "14.2.5",
      "requires": {}
    },
    "next-themes": {
      "version": "^0.3.0",
      "requires": {}
    },
    "react": {
      "version": "^18.3.1",
      "requires": {}
    },
    "react-dom": {
      "version": "^18.3.1",
      "requires": {}
    }
  },
  "devDependencies": {
    "@types/node": {
      "version": "^22.7.4",
      "requires": {}
    },
    "@types/react": {
      "version": "^18.3.11",
      "requires": {}
    },
    "@types/react-dom": {
      "version": "^18.3.0",
      "requires": {}
    },
    "autoprefixer": {
      "version": "^10.4.20",
      "requires": {}
    },
    "eslint": {
      "version": "^8.57.1",
      "requires": {}
    },
    "eslint-config-next": {
      "version": "14.2.5",
      "requires": {}
    },
    "postcss": {
      "version": "^8.4.47",
      "requires": {}
    },
    "tailwindcss": {
      "version": "^3.4.14",
      "requires": {}
    },
    "typescript": {
      "version": "^5.6.3",
      "requires": {}
    }
  }
}